
Microsoft Visual Studio Solution File, Format Version 12.00
# Visual Studio Version 16
VisualStudioVersion = 16.0.31205.134
MinimumVisualStudioVersion = 10.0.40219.1
Project("{FAE04EC0-301F-11D3-BF4B-00C04F79EFBC}") = "View", "View\View.csproj", "{069A752C-9F0D-499B-864B-912360193FDD}"
EndProject
Project("{FAE04EC0-301F-11D3-BF4B-00C04F79EFBC}") = "Models", "Models\Models.csproj", "{1BA4AFBD-6C8D-4982-9B20-D7B69BF61851}"
EndProject
Project("{FAE04EC0-301F-11D3-BF4B-00C04F79EFBC}") = "Repository.Contracts", "E:\Diginamic\Csharp\Supports de cours\7 - ADO EF\GestionLocations\Repository.Contracts\Repository.Contracts.csproj", "{DBC5C23F-9A85-413E-827D-8CA2EB1F3EAF}"
EndProject
Project("{FAE04EC0-301F-11D3-BF4B-00C04F79EFBC}") = "Repository", "E:\Diginamic\Csharp\Supports de cours\7 - ADO EF\GestionLocations\Repository\Repository.csproj", "{5C99CAA6-208E-43B9-8BA2-244AD8D661A0}"
EndProject
Project("{FAE04EC0-301F-11D3-BF4B-00C04F79EFBC}") = "Controllers", "E:\Diginamic\Csharp\Supports de cours\7 - ADO EF\GestionLocations\Controllers\Controllers.csproj", "{EB6C052F-7B4A-4D48-A2B2-6A90C664DF10}"
EndProject
Global
	GlobalSection(SolutionConfigurationPlatforms) = preSolution
		Debug|Any CPU = Debug|Any CPU
		Release|Any CPU = Release|Any CPU
	EndGlobalSection
	GlobalSection(ProjectConfigurationPlatforms) = postSolution
		{069A752C-9F0D-499B-864B-912360193FDD}.Debug|Any CPU.ActiveCfg = Debug|Any CPU
		{069A752C-9F0D-499B-864B-912360193FDD}.Debug|Any CPU.Build.0 = Debug|Any CPU
		{069A752C-9F0D-499B-864B-912360193FDD}.Release|Any CPU.ActiveCfg = Release|Any CPU
		{069A752C-9F0D-499B-864B-912360193FDD}.Release|Any CPU.Build.0 = Release|Any CPU
		{1BA4AFBD-6C8D-4982-9B20-D7B69BF61851}.Debug|Any CPU.ActiveCfg = Debug|Any CPU
		{1BA4AFBD-6C8D-4982-9B20-D7B69BF61851}.Debug|Any CPU.Build.0 = Debug|Any CPU
		{1BA4AFBD-6C8D-4982-9B20-D7B69BF61851}.Release|Any CPU.ActiveCfg = Release|Any CPU
		{1BA4AFBD-6C8D-4982-9B20-D7B69BF61851}.Release|Any CPU.Build.0 = Release|Any CPU
		{DBC5C23F-9A85-413E-827D-8CA2EB1F3EAF}.Debug|Any CPU.ActiveCfg = Debug|Any CPU
		{DBC5C23F-9A85-413E-827D-8CA2EB1F3EAF}.Debug|Any CPU.Build.0 = Debug|Any CPU
		{DBC5C23F-9A85-413E-827D-8CA2EB1F3EAF}.Release|Any CPU.ActiveCfg = Release|Any CPU
		{DBC5C23F-9A85-413E-827D-8CA2EB1F3EAF}.Release|Any CPU.Build.0 = Release|Any CPU
		{5C99CAA6-208E-43B9-8BA2-244AD8D661A0}.Debug|Any CPU.ActiveCfg = Debug|Any CPU
		{5C99CAA6-208E-43B9-8BA2-244AD8D661A0}.Debug|Any CPU.Build.0 = Debug|Any CPU
		{5C99CAA6-208E-43B9-8BA2-244AD8D661A0}.Release|Any CPU.ActiveCfg = Release|Any CPU
		{5C99CAA6-208E-43B9-8BA2-244AD8D661A0}.Release|Any CPU.Build.0 = Release|Any CPU
		{EB6C052F-7B4A-4D48-A2B2-6A90C664DF10}.Debug|Any CPU.ActiveCfg = Debug|Any CPU
		{EB6C052F-7B4A-4D48-A2B2-6A90C664DF10}.Debug|Any CPU.Build.0 = Debug|Any CPU
		{EB6C052F-7B4A-4D48-A2B2-6A90C664DF10}.Release|Any CPU.ActiveCfg = Release|Any CPU
		{EB6C052F-7B4A-4D48-A2B2-6A90C664DF10}.Release|Any CPU.Build.0 = Release|Any CPU
	EndGlobalSection
	GlobalSection(SolutionProperties) = preSolution
		HideSolutionNode = FALSE
	EndGlobalSection
	GlobalSection(ExtensibilityGlobals) = postSolution
		SolutionGuid = {64F81924-FADA-44A0-BCB5-F15FD0BCCBA6}
	EndGlobalSection
EndGlobal
